
Microsoft Visual Studio Solution File, Format Version 12.00
# Visual Studio 15
VisualStudioVersion = 15.0.27703.2047
MinimumVisualStudioVersion = 10.0.40219.1
Project("{9A19103F-16F7-4668-BE54-9A1E7A4F7556}") = "HealthcarePortalBackend", "HealthcarePortalBackend\HealthcarePortalBackend.csproj", "{DBA255D8-783D-4FF8-9851-1CAF45688365}"
EndProject
Project("{9A19103F-16F7-4668-BE54-9A1E7A4F7556}") = "HealthcarePortalBackendApi", "HealthcarePortalBackendApi\HealthcarePortalBackendApi.csproj", "{C2E7169A-12DC-4619-B2FB-9ED67EAE3F39}"
EndProject
Project("{FAE04EC0-301F-11D3-BF4B-00C04F79EFBC}") = "HealthcarePortalBackendUnitSpecification", "HealthcarePortalBackendUnitSpecification\HealthcarePortalBackendUnitSpecification.csproj", "{5E676ACF-5674-4E53-97E8-AB6FA8EF9F63}"
EndProject
Project("{FAE04EC0-301F-11D3-BF4B-00C04F79EFBC}") = "HealthcarePortalBackendServiceSpecification", "HealthcarePortalBackendServiceSpecification\HealthcarePortalBackendServiceSpecification.csproj", "{F0D33A19-BE05-4676-90C9-560D99715FFD}"
EndProject
Global
	GlobalSection(SolutionConfigurationPlatforms) = preSolution
		Debug|Any CPU = Debug|Any CPU
		Release|Any CPU = Release|Any CPU
	EndGlobalSection
	GlobalSection(ProjectConfigurationPlatforms) = postSolution
		{DBA255D8-783D-4FF8-9851-1CAF45688365}.Debug|Any CPU.ActiveCfg = Debug|Any CPU
		{DBA255D8-783D-4FF8-9851-1CAF45688365}.Debug|Any CPU.Build.0 = Debug|Any CPU
		{DBA255D8-783D-4FF8-9851-1CAF45688365}.Release|Any CPU.ActiveCfg = Release|Any CPU
		{DBA255D8-783D-4FF8-9851-1CAF45688365}.Release|Any CPU.Build.0 = Release|Any CPU
		{C2E7169A-12DC-4619-B2FB-9ED67EAE3F39}.Debug|Any CPU.ActiveCfg = Debug|Any CPU
		{C2E7169A-12DC-4619-B2FB-9ED67EAE3F39}.Debug|Any CPU.Build.0 = Debug|Any CPU
		{C2E7169A-12DC-4619-B2FB-9ED67EAE3F39}.Release|Any CPU.ActiveCfg = Release|Any CPU
		{C2E7169A-12DC-4619-B2FB-9ED67EAE3F39}.Release|Any CPU.Build.0 = Release|Any CPU
		{5E676ACF-5674-4E53-97E8-AB6FA8EF9F63}.Debug|Any CPU.ActiveCfg = Debug|Any CPU
		{5E676ACF-5674-4E53-97E8-AB6FA8EF9F63}.Debug|Any CPU.Build.0 = Debug|Any CPU
		{5E676ACF-5674-4E53-97E8-AB6FA8EF9F63}.Release|Any CPU.ActiveCfg = Release|Any CPU
		{5E676ACF-5674-4E53-97E8-AB6FA8EF9F63}.Release|Any CPU.Build.0 = Release|Any CPU
		{F0D33A19-BE05-4676-90C9-560D99715FFD}.Debug|Any CPU.ActiveCfg = Debug|Any CPU
		{F0D33A19-BE05-4676-90C9-560D99715FFD}.Debug|Any CPU.Build.0 = Debug|Any CPU
		{F0D33A19-BE05-4676-90C9-560D99715FFD}.Release|Any CPU.ActiveCfg = Release|Any CPU
		{F0D33A19-BE05-4676-90C9-560D99715FFD}.Release|Any CPU.Build.0 = Release|Any CPU
	EndGlobalSection
	GlobalSection(SolutionProperties) = preSolution
		HideSolutionNode = FALSE
	EndGlobalSection
	GlobalSection(ExtensibilityGlobals) = postSolution
		SolutionGuid = {F94A31FA-BC51-4D6B-94DE-C174FC3049E9}
	EndGlobalSection
EndGlobal
