
Microsoft Visual Studio Solution File, Format Version 12.00
# Visual Studio 15
VisualStudioVersion = 15.0.27703.2047
MinimumVisualStudioVersion = 10.0.40219.1
Project("{FAE04EC0-301F-11D3-BF4B-00C04F79EFBC}") = "HealthcarePortalFrontend", "HealthcarePortalFrontend\HealthcarePortalFrontend.csproj", "{444B4484-8A6D-4077-B569-92FBFE40CC10}"
EndProject
Global
	GlobalSection(SolutionConfigurationPlatforms) = preSolution
		Debug|Any CPU = Debug|Any CPU
		Release|Any CPU = Release|Any CPU
	EndGlobalSection
	GlobalSection(ProjectConfigurationPlatforms) = postSolution
		{444B4484-8A6D-4077-B569-92FBFE40CC10}.Debug|Any CPU.ActiveCfg = Debug|Any CPU
		{444B4484-8A6D-4077-B569-92FBFE40CC10}.Debug|Any CPU.Build.0 = Debug|Any CPU
		{444B4484-8A6D-4077-B569-92FBFE40CC10}.Release|Any CPU.ActiveCfg = Release|Any CPU
		{444B4484-8A6D-4077-B569-92FBFE40CC10}.Release|Any CPU.Build.0 = Release|Any CPU
	EndGlobalSection
	GlobalSection(SolutionProperties) = preSolution
		HideSolutionNode = FALSE
	EndGlobalSection
	GlobalSection(ExtensibilityGlobals) = postSolution
		SolutionGuid = {610C35B8-3CB1-41E8-8DE0-95EE26E76AB7}
	EndGlobalSection
EndGlobal
